
Microsoft Visual Studio Solution File, Format Version 12.00
# Visual Studio 15
VisualStudioVersion = 15.0.28307.572
MinimumVisualStudioVersion = 10.0.40219.1
Project("{FAE04EC0-301F-11D3-BF4B-00C04F79EFBC}") = "CollectionsClasses", "Collections\CollectionsClasses.csproj", "{938A7569-DF4F-4A21-8635-E9E3A15736E9}"
EndProject
Project("{FAE04EC0-301F-11D3-BF4B-00C04F79EFBC}") = "CollectionsTests", "CollectionsTests\CollectionsTests.csproj", "{90397FD4-7280-4E7B-A688-1C12C51554F0}"
EndProject
Global
	GlobalSection(SolutionConfigurationPlatforms) = preSolution
		Debug|Any CPU = Debug|Any CPU
		Release|Any CPU = Release|Any CPU
	EndGlobalSection
	GlobalSection(ProjectConfigurationPlatforms) = postSolution
		{938A7569-DF4F-4A21-8635-E9E3A15736E9}.Debug|Any CPU.ActiveCfg = Debug|Any CPU
		{938A7569-DF4F-4A21-8635-E9E3A15736E9}.Debug|Any CPU.Build.0 = Debug|Any CPU
		{938A7569-DF4F-4A21-8635-E9E3A15736E9}.Release|Any CPU.ActiveCfg = Release|Any CPU
		{938A7569-DF4F-4A21-8635-E9E3A15736E9}.Release|Any CPU.Build.0 = Release|Any CPU
		{90397FD4-7280-4E7B-A688-1C12C51554F0}.Debug|Any CPU.ActiveCfg = Debug|Any CPU
		{90397FD4-7280-4E7B-A688-1C12C51554F0}.Debug|Any CPU.Build.0 = Debug|Any CPU
		{90397FD4-7280-4E7B-A688-1C12C51554F0}.Release|Any CPU.ActiveCfg = Release|Any CPU
		{90397FD4-7280-4E7B-A688-1C12C51554F0}.Release|Any CPU.Build.0 = Release|Any CPU
	EndGlobalSection
	GlobalSection(SolutionProperties) = preSolution
		HideSolutionNode = FALSE
	EndGlobalSection
	GlobalSection(ExtensibilityGlobals) = postSolution
		SolutionGuid = {F6A7D0E6-2CA1-49E6-BE3B-E69488F03E86}
	EndGlobalSection
EndGlobal
